
Microsoft Visual Studio Solution File, Format Version 12.00
# Visual Studio Version 17
VisualStudioVersion = 17.3.32929.385
MinimumVisualStudioVersion = 10.0.40219.1
Project("{9A19103F-16F7-4668-BE54-9A1E7A4F7556}") = "Task19", "Task19\Task19.csproj", "{84BE9BE5-75BB-4AF2-9720-F81779CB0F48}"
EndProject
Project("{9A19103F-16F7-4668-BE54-9A1E7A4F7556}") = "Task23", "Task23\Task23.csproj", "{9F29FB8E-DF55-486C-ACAB-652BEDE3CED6}"
EndProject
Project("{9A19103F-16F7-4668-BE54-9A1E7A4F7556}") = "Task21", "Task21\Task21.csproj", "{B73C83C7-95F7-4311-9101-2FA760B5C709}"
EndProject
Project("{9A19103F-16F7-4668-BE54-9A1E7A4F7556}") = "Task1", "Task1\Task1.csproj", "{9388B3E3-6331-43CC-977F-53AE4B8ED00D}"
EndProject
Project("{9A19103F-16F7-4668-BE54-9A1E7A4F7556}") = "Task2", "Task2\Task2.csproj", "{AE66586E-2ED4-4556-B0D0-927788C7044C}"
EndProject
Project("{9A19103F-16F7-4668-BE54-9A1E7A4F7556}") = "Task9", "Task9\Task9.csproj", "{292439D4-01F7-418F-88F7-7B3ADEEC2127}"
EndProject
Project("{9A19103F-16F7-4668-BE54-9A1E7A4F7556}") = "Task10", "Task10\Task10.csproj", "{DC8497EE-86E3-4997-8EAB-CC49E94C79B1}"
EndProject
Project("{9A19103F-16F7-4668-BE54-9A1E7A4F7556}") = "Task13", "Task13\Task13.csproj", "{E78DE270-36C8-4766-B87F-07EA159FD3FE}"
EndProject
Project("{9A19103F-16F7-4668-BE54-9A1E7A4F7556}") = "Task15", "Task15\Task15.csproj", "{DB16F0D9-DC1C-4809-8061-9F1B61E1BB4C}"
EndProject
Project("{9A19103F-16F7-4668-BE54-9A1E7A4F7556}") = "Task15_v2", "Task15_v2\Task15_v2.csproj", "{47D5D15E-15E1-4423-9995-3C9DE1FA5026}"
EndProject
Project("{9A19103F-16F7-4668-BE54-9A1E7A4F7556}") = "Task25", "Task25\Task25.csproj", "{EB35D668-CAF3-45C3-A3BB-F778BB001309}"
EndProject
Project("{9A19103F-16F7-4668-BE54-9A1E7A4F7556}") = "Task27", "Task27\Task27.csproj", "{3526E0F2-79D9-4FCA-9EDD-2CEDE2DD61B8}"
EndProject
Project("{9A19103F-16F7-4668-BE54-9A1E7A4F7556}") = "Task29", "Task29\Task29.csproj", "{1B3052C1-2449-41D6-A0F6-869703E16E44}"
EndProject
Project("{9A19103F-16F7-4668-BE54-9A1E7A4F7556}") = "Task3_While", "Task3_While\Task3_While.csproj", "{AA7926F2-BAA4-467E-BDB1-8DA0DB45D4B2}"
EndProject
Project("{9A19103F-16F7-4668-BE54-9A1E7A4F7556}") = "Task3", "Task3\Task3.csproj", "{3650081A-9654-4104-A909-CA283BBB93ED}"
EndProject
Project("{9A19103F-16F7-4668-BE54-9A1E7A4F7556}") = "Task4", "Task4\Task4.csproj", "{3F319C05-4370-474B-AF82-0D652FEE48D1}"
EndProject
Project("{9A19103F-16F7-4668-BE54-9A1E7A4F7556}") = "Task6", "Task6\Task6.csproj", "{F8EA7D83-B631-4FB0-AD27-F0EA11DCFDAB}"
EndProject
Project("{9A19103F-16F7-4668-BE54-9A1E7A4F7556}") = "Task8", "Task8\Task8.csproj", "{71BFD69C-4F59-4F62-9658-A8C1516E9EFB}"
EndProject
Project("{9A19103F-16F7-4668-BE54-9A1E7A4F7556}") = "Task35", "Task35\Task35.csproj", "{7EA7C8DB-0C14-47AC-8C3E-8F8C41A09B52}"
EndProject
Project("{9A19103F-16F7-4668-BE54-9A1E7A4F7556}") = "Task40", "Task40\Task40.csproj", "{37BA9E24-DABF-483C-A24C-C7EE37544A3E}"
EndProject
Project("{9A19103F-16F7-4668-BE54-9A1E7A4F7556}") = "Task42", "Task42\Task42.csproj", "{17B12075-5470-43CE-963C-3FF8AD6AD67E}"
EndProject
Project("{9A19103F-16F7-4668-BE54-9A1E7A4F7556}") = "Task46", "Task46\Task46.csproj", "{EB49083E-2D4F-4A93-908B-965499AA3D78}"
EndProject
Project("{9A19103F-16F7-4668-BE54-9A1E7A4F7556}") = "Task48", "Task48\Task48.csproj", "{42CDA458-EE83-450F-AA6C-0F8E04F849CE}"
EndProject
Project("{9A19103F-16F7-4668-BE54-9A1E7A4F7556}") = "Task49", "Task49\Task49.csproj", "{BFA7E125-8B57-4B39-9C4B-266D56EA7EC3}"
EndProject
Project("{9A19103F-16F7-4668-BE54-9A1E7A4F7556}") = "Task51", "Task51\Task51.csproj", "{59B6BB86-B1D0-412A-964C-5AE2372B3EA0}"
EndProject
Project("{9A19103F-16F7-4668-BE54-9A1E7A4F7556}") = "Task34", "Task34\Task34.csproj", "{955B8920-918B-4E89-BE54-7D8573CD05E1}"
EndProject
Project("{9A19103F-16F7-4668-BE54-9A1E7A4F7556}") = "Task36", "Task36\Task36.csproj", "{15032005-31C4-4C76-ADF2-5D431106B5FF}"
EndProject
Project("{9A19103F-16F7-4668-BE54-9A1E7A4F7556}") = "Task38", "Task38\Task38.csproj", "{EC9EC624-9B43-48E9-85C2-BF601FECD38B}"
EndProject
Project("{FAE04EC0-301F-11D3-BF4B-00C04F79EFBC}") = "Task38+", "Task38+\Task38+.csproj", "{51FED60A-CB35-434D-BB14-C77D20613628}"
EndProject
Project("{FAE04EC0-301F-11D3-BF4B-00C04F79EFBC}") = "Task53", "Task53\Task53.csproj", "{FF4BD7D4-8C55-4DD6-B329-BD0B4067B442}"
EndProject
Project("{FAE04EC0-301F-11D3-BF4B-00C04F79EFBC}") = "Task55", "Task55\Task55.csproj", "{152C52BB-2EBB-4137-A83F-40BF26C903F8}"
EndProject
Project("{FAE04EC0-301F-11D3-BF4B-00C04F79EFBC}") = "Task59", "Task59\Task59.csproj", "{BC658148-B774-4AD9-A0C8-BC01F27D7446}"
EndProject
Project("{FAE04EC0-301F-11D3-BF4B-00C04F79EFBC}") = "Task38++", "Task38++\Task38++.csproj", "{35820137-164B-4B1F-AFBB-7ACFF0980055}"
EndProject
Global
	GlobalSection(SolutionConfigurationPlatforms) = preSolution
		Debug|Any CPU = Debug|Any CPU
		Release|Any CPU = Release|Any CPU
	EndGlobalSection
	GlobalSection(ProjectConfigurationPlatforms) = postSolution
		{84BE9BE5-75BB-4AF2-9720-F81779CB0F48}.Debug|Any CPU.ActiveCfg = Debug|Any CPU
		{84BE9BE5-75BB-4AF2-9720-F81779CB0F48}.Debug|Any CPU.Build.0 = Debug|Any CPU
		{84BE9BE5-75BB-4AF2-9720-F81779CB0F48}.Release|Any CPU.ActiveCfg = Release|Any CPU
		{84BE9BE5-75BB-4AF2-9720-F81779CB0F48}.Release|Any CPU.Build.0 = Release|Any CPU
		{9F29FB8E-DF55-486C-ACAB-652BEDE3CED6}.Debug|Any CPU.ActiveCfg = Debug|Any CPU
		{9F29FB8E-DF55-486C-ACAB-652BEDE3CED6}.Debug|Any CPU.Build.0 = Debug|Any CPU
		{9F29FB8E-DF55-486C-ACAB-652BEDE3CED6}.Release|Any CPU.ActiveCfg = Release|Any CPU
		{9F29FB8E-DF55-486C-ACAB-652BEDE3CED6}.Release|Any CPU.Build.0 = Release|Any CPU
		{B73C83C7-95F7-4311-9101-2FA760B5C709}.Debug|Any CPU.ActiveCfg = Debug|Any CPU
		{B73C83C7-95F7-4311-9101-2FA760B5C709}.Debug|Any CPU.Build.0 = Debug|Any CPU
		{B73C83C7-95F7-4311-9101-2FA760B5C709}.Release|Any CPU.ActiveCfg = Release|Any CPU
		{B73C83C7-95F7-4311-9101-2FA760B5C709}.Release|Any CPU.Build.0 = Release|Any CPU
		{9388B3E3-6331-43CC-977F-53AE4B8ED00D}.Debug|Any CPU.ActiveCfg = Debug|Any CPU
		{9388B3E3-6331-43CC-977F-53AE4B8ED00D}.Debug|Any CPU.Build.0 = Debug|Any CPU
		{9388B3E3-6331-43CC-977F-53AE4B8ED00D}.Release|Any CPU.ActiveCfg = Release|Any CPU
		{9388B3E3-6331-43CC-977F-53AE4B8ED00D}.Release|Any CPU.Build.0 = Release|Any CPU
		{AE66586E-2ED4-4556-B0D0-927788C7044C}.Debug|Any CPU.ActiveCfg = Debug|Any CPU
		{AE66586E-2ED4-4556-B0D0-927788C7044C}.Debug|Any CPU.Build.0 = Debug|Any CPU
		{AE66586E-2ED4-4556-B0D0-927788C7044C}.Release|Any CPU.ActiveCfg = Release|Any CPU
		{AE66586E-2ED4-4556-B0D0-927788C7044C}.Release|Any CPU.Build.0 = Release|Any CPU
		{292439D4-01F7-418F-88F7-7B3ADEEC2127}.Debug|Any CPU.ActiveCfg = Debug|Any CPU
		{292439D4-01F7-418F-88F7-7B3ADEEC2127}.Debug|Any CPU.Build.0 = Debug|Any CPU
		{292439D4-01F7-418F-88F7-7B3ADEEC2127}.Release|Any CPU.ActiveCfg = Release|Any CPU
		{292439D4-01F7-418F-88F7-7B3ADEEC2127}.Release|Any CPU.Build.0 = Release|Any CPU
		{DC8497EE-86E3-4997-8EAB-CC49E94C79B1}.Debug|Any CPU.ActiveCfg = Debug|Any CPU
		{DC8497EE-86E3-4997-8EAB-CC49E94C79B1}.Debug|Any CPU.Build.0 = Debug|Any CPU
		{DC8497EE-86E3-4997-8EAB-CC49E94C79B1}.Release|Any CPU.ActiveCfg = Release|Any CPU
		{DC8497EE-86E3-4997-8EAB-CC49E94C79B1}.Release|Any CPU.Build.0 = Release|Any CPU
		{E78DE270-36C8-4766-B87F-07EA159FD3FE}.Debug|Any CPU.ActiveCfg = Debug|Any CPU
		{E78DE270-36C8-4766-B87F-07EA159FD3FE}.Debug|Any CPU.Build.0 = Debug|Any CPU
		{E78DE270-36C8-4766-B87F-07EA159FD3FE}.Release|Any CPU.ActiveCfg = Release|Any CPU
		{E78DE270-36C8-4766-B87F-07EA159FD3FE}.Release|Any CPU.Build.0 = Release|Any CPU
		{DB16F0D9-DC1C-4809-8061-9F1B61E1BB4C}.Debug|Any CPU.ActiveCfg = Debug|Any CPU
		{DB16F0D9-DC1C-4809-8061-9F1B61E1BB4C}.Debug|Any CPU.Build.0 = Debug|Any CPU
		{DB16F0D9-DC1C-4809-8061-9F1B61E1BB4C}.Release|Any CPU.ActiveCfg = Release|Any CPU
		{DB16F0D9-DC1C-4809-8061-9F1B61E1BB4C}.Release|Any CPU.Build.0 = Release|Any CPU
		{47D5D15E-15E1-4423-9995-3C9DE1FA5026}.Debug|Any CPU.ActiveCfg = Debug|Any CPU
		{47D5D15E-15E1-4423-9995-3C9DE1FA5026}.Debug|Any CPU.Build.0 = Debug|Any CPU
		{47D5D15E-15E1-4423-9995-3C9DE1FA5026}.Release|Any CPU.ActiveCfg = Release|Any CPU
		{47D5D15E-15E1-4423-9995-3C9DE1FA5026}.Release|Any CPU.Build.0 = Release|Any CPU
		{EB35D668-CAF3-45C3-A3BB-F778BB001309}.Debug|Any CPU.ActiveCfg = Debug|Any CPU
		{EB35D668-CAF3-45C3-A3BB-F778BB001309}.Debug|Any CPU.Build.0 = Debug|Any CPU
		{EB35D668-CAF3-45C3-A3BB-F778BB001309}.Release|Any CPU.ActiveCfg = Release|Any CPU
		{EB35D668-CAF3-45C3-A3BB-F778BB001309}.Release|Any CPU.Build.0 = Release|Any CPU
		{3526E0F2-79D9-4FCA-9EDD-2CEDE2DD61B8}.Debug|Any CPU.ActiveCfg = Debug|Any CPU
		{3526E0F2-79D9-4FCA-9EDD-2CEDE2DD61B8}.Debug|Any CPU.Build.0 = Debug|Any CPU
		{3526E0F2-79D9-4FCA-9EDD-2CEDE2DD61B8}.Release|Any CPU.ActiveCfg = Release|Any CPU
		{3526E0F2-79D9-4FCA-9EDD-2CEDE2DD61B8}.Release|Any CPU.Build.0 = Release|Any CPU
		{1B3052C1-2449-41D6-A0F6-869703E16E44}.Debug|Any CPU.ActiveCfg = Debug|Any CPU
		{1B3052C1-2449-41D6-A0F6-869703E16E44}.Debug|Any CPU.Build.0 = Debug|Any CPU
		{1B3052C1-2449-41D6-A0F6-869703E16E44}.Release|Any CPU.ActiveCfg = Release|Any CPU
		{1B3052C1-2449-41D6-A0F6-869703E16E44}.Release|Any CPU.Build.0 = Release|Any CPU
		{AA7926F2-BAA4-467E-BDB1-8DA0DB45D4B2}.Debug|Any CPU.ActiveCfg = Debug|Any CPU
		{AA7926F2-BAA4-467E-BDB1-8DA0DB45D4B2}.Debug|Any CPU.Build.0 = Debug|Any CPU
		{AA7926F2-BAA4-467E-BDB1-8DA0DB45D4B2}.Release|Any CPU.ActiveCfg = Release|Any CPU
		{AA7926F2-BAA4-467E-BDB1-8DA0DB45D4B2}.Release|Any CPU.Build.0 = Release|Any CPU
		{3650081A-9654-4104-A909-CA283BBB93ED}.Debug|Any CPU.ActiveCfg = Debug|Any CPU
		{3650081A-9654-4104-A909-CA283BBB93ED}.Debug|Any CPU.Build.0 = Debug|Any CPU
		{3650081A-9654-4104-A909-CA283BBB93ED}.Release|Any CPU.ActiveCfg = Release|Any CPU
		{3650081A-9654-4104-A909-CA283BBB93ED}.Release|Any CPU.Build.0 = Release|Any CPU
		{3F319C05-4370-474B-AF82-0D652FEE48D1}.Debug|Any CPU.ActiveCfg = Debug|Any CPU
		{3F319C05-4370-474B-AF82-0D652FEE48D1}.Debug|Any CPU.Build.0 = Debug|Any CPU
		{3F319C05-4370-474B-AF82-0D652FEE48D1}.Release|Any CPU.ActiveCfg = Release|Any CPU
		{3F319C05-4370-474B-AF82-0D652FEE48D1}.Release|Any CPU.Build.0 = Release|Any CPU
		{F8EA7D83-B631-4FB0-AD27-F0EA11DCFDAB}.Debug|Any CPU.ActiveCfg = Debug|Any CPU
		{F8EA7D83-B631-4FB0-AD27-F0EA11DCFDAB}.Debug|Any CPU.Build.0 = Debug|Any CPU
		{F8EA7D83-B631-4FB0-AD27-F0EA11DCFDAB}.Release|Any CPU.ActiveCfg = Release|Any CPU
		{F8EA7D83-B631-4FB0-AD27-F0EA11DCFDAB}.Release|Any CPU.Build.0 = Release|Any CPU
		{71BFD69C-4F59-4F62-9658-A8C1516E9EFB}.Debug|Any CPU.ActiveCfg = Debug|Any CPU
		{71BFD69C-4F59-4F62-9658-A8C1516E9EFB}.Debug|Any CPU.Build.0 = Debug|Any CPU
		{71BFD69C-4F59-4F62-9658-A8C1516E9EFB}.Release|Any CPU.ActiveCfg = Release|Any CPU
		{71BFD69C-4F59-4F62-9658-A8C1516E9EFB}.Release|Any CPU.Build.0 = Release|Any CPU
		{7EA7C8DB-0C14-47AC-8C3E-8F8C41A09B52}.Debug|Any CPU.ActiveCfg = Debug|Any CPU
		{7EA7C8DB-0C14-47AC-8C3E-8F8C41A09B52}.Debug|Any CPU.Build.0 = Debug|Any CPU
		{7EA7C8DB-0C14-47AC-8C3E-8F8C41A09B52}.Release|Any CPU.ActiveCfg = Release|Any CPU
		{7EA7C8DB-0C14-47AC-8C3E-8F8C41A09B52}.Release|Any CPU.Build.0 = Release|Any CPU
		{37BA9E24-DABF-483C-A24C-C7EE37544A3E}.Debug|Any CPU.ActiveCfg = Debug|Any CPU
		{37BA9E24-DABF-483C-A24C-C7EE37544A3E}.Debug|Any CPU.Build.0 = Debug|Any CPU
		{37BA9E24-DABF-483C-A24C-C7EE37544A3E}.Release|Any CPU.ActiveCfg = Release|Any CPU
		{37BA9E24-DABF-483C-A24C-C7EE37544A3E}.Release|Any CPU.Build.0 = Release|Any CPU
		{17B12075-5470-43CE-963C-3FF8AD6AD67E}.Debug|Any CPU.ActiveCfg = Debug|Any CPU
		{17B12075-5470-43CE-963C-3FF8AD6AD67E}.Debug|Any CPU.Build.0 = Debug|Any CPU
		{17B12075-5470-43CE-963C-3FF8AD6AD67E}.Release|Any CPU.ActiveCfg = Release|Any CPU
		{17B12075-5470-43CE-963C-3FF8AD6AD67E}.Release|Any CPU.Build.0 = Release|Any CPU
		{EB49083E-2D4F-4A93-908B-965499AA3D78}.Debug|Any CPU.ActiveCfg = Debug|Any CPU
		{EB49083E-2D4F-4A93-908B-965499AA3D78}.Debug|Any CPU.Build.0 = Debug|Any CPU
		{EB49083E-2D4F-4A93-908B-965499AA3D78}.Release|Any CPU.ActiveCfg = Release|Any CPU
		{EB49083E-2D4F-4A93-908B-965499AA3D78}.Release|Any CPU.Build.0 = Release|Any CPU
		{42CDA458-EE83-450F-AA6C-0F8E04F849CE}.Debug|Any CPU.ActiveCfg = Debug|Any CPU
		{42CDA458-EE83-450F-AA6C-0F8E04F849CE}.Debug|Any CPU.Build.0 = Debug|Any CPU
		{42CDA458-EE83-450F-AA6C-0F8E04F849CE}.Release|Any CPU.ActiveCfg = Release|Any CPU
		{42CDA458-EE83-450F-AA6C-0F8E04F849CE}.Release|Any CPU.Build.0 = Release|Any CPU
		{BFA7E125-8B57-4B39-9C4B-266D56EA7EC3}.Debug|Any CPU.ActiveCfg = Debug|Any CPU
		{BFA7E125-8B57-4B39-9C4B-266D56EA7EC3}.Debug|Any CPU.Build.0 = Debug|Any CPU
		{BFA7E125-8B57-4B39-9C4B-266D56EA7EC3}.Release|Any CPU.ActiveCfg = Release|Any CPU
		{BFA7E125-8B57-4B39-9C4B-266D56EA7EC3}.Release|Any CPU.Build.0 = Release|Any CPU
		{59B6BB86-B1D0-412A-964C-5AE2372B3EA0}.Debug|Any CPU.ActiveCfg = Debug|Any CPU
		{59B6BB86-B1D0-412A-964C-5AE2372B3EA0}.Debug|Any CPU.Build.0 = Debug|Any CPU
		{59B6BB86-B1D0-412A-964C-5AE2372B3EA0}.Release|Any CPU.ActiveCfg = Release|Any CPU
		{59B6BB86-B1D0-412A-964C-5AE2372B3EA0}.Release|Any CPU.Build.0 = Release|Any CPU
		{955B8920-918B-4E89-BE54-7D8573CD05E1}.Debug|Any CPU.ActiveCfg = Debug|Any CPU
		{955B8920-918B-4E89-BE54-7D8573CD05E1}.Debug|Any CPU.Build.0 = Debug|Any CPU
		{955B8920-918B-4E89-BE54-7D8573CD05E1}.Release|Any CPU.ActiveCfg = Release|Any CPU
		{955B8920-918B-4E89-BE54-7D8573CD05E1}.Release|Any CPU.Build.0 = Release|Any CPU
		{15032005-31C4-4C76-ADF2-5D431106B5FF}.Debug|Any CPU.ActiveCfg = Debug|Any CPU
		{15032005-31C4-4C76-ADF2-5D431106B5FF}.Debug|Any CPU.Build.0 = Debug|Any CPU
		{15032005-31C4-4C76-ADF2-5D431106B5FF}.Release|Any CPU.ActiveCfg = Release|Any CPU
		{15032005-31C4-4C76-ADF2-5D431106B5FF}.Release|Any CPU.Build.0 = Release|Any CPU
		{EC9EC624-9B43-48E9-85C2-BF601FECD38B}.Debug|Any CPU.ActiveCfg = Debug|Any CPU
		{EC9EC624-9B43-48E9-85C2-BF601FECD38B}.Debug|Any CPU.Build.0 = Debug|Any CPU
		{EC9EC624-9B43-48E9-85C2-BF601FECD38B}.Release|Any CPU.ActiveCfg = Release|Any CPU
		{EC9EC624-9B43-48E9-85C2-BF601FECD38B}.Release|Any CPU.Build.0 = Release|Any CPU
		{51FED60A-CB35-434D-BB14-C77D20613628}.Debug|Any CPU.ActiveCfg = Debug|Any CPU
		{51FED60A-CB35-434D-BB14-C77D20613628}.Debug|Any CPU.Build.0 = Debug|Any CPU
		{51FED60A-CB35-434D-BB14-C77D20613628}.Release|Any CPU.ActiveCfg = Release|Any CPU
		{51FED60A-CB35-434D-BB14-C77D20613628}.Release|Any CPU.Build.0 = Release|Any CPU
		{FF4BD7D4-8C55-4DD6-B329-BD0B4067B442}.Debug|Any CPU.ActiveCfg = Debug|Any CPU
		{FF4BD7D4-8C55-4DD6-B329-BD0B4067B442}.Debug|Any CPU.Build.0 = Debug|Any CPU
		{FF4BD7D4-8C55-4DD6-B329-BD0B4067B442}.Release|Any CPU.ActiveCfg = Release|Any CPU
		{FF4BD7D4-8C55-4DD6-B329-BD0B4067B442}.Release|Any CPU.Build.0 = Release|Any CPU
		{152C52BB-2EBB-4137-A83F-40BF26C903F8}.Debug|Any CPU.ActiveCfg = Debug|Any CPU
		{152C52BB-2EBB-4137-A83F-40BF26C903F8}.Debug|Any CPU.Build.0 = Debug|Any CPU
		{152C52BB-2EBB-4137-A83F-40BF26C903F8}.Release|Any CPU.ActiveCfg = Release|Any CPU
		{152C52BB-2EBB-4137-A83F-40BF26C903F8}.Release|Any CPU.Build.0 = Release|Any CPU
		{BC658148-B774-4AD9-A0C8-BC01F27D7446}.Debug|Any CPU.ActiveCfg = Debug|Any CPU
		{BC658148-B774-4AD9-A0C8-BC01F27D7446}.Debug|Any CPU.Build.0 = Debug|Any CPU
		{BC658148-B774-4AD9-A0C8-BC01F27D7446}.Release|Any CPU.ActiveCfg = Release|Any CPU
		{BC658148-B774-4AD9-A0C8-BC01F27D7446}.Release|Any CPU.Build.0 = Release|Any CPU
		{35820137-164B-4B1F-AFBB-7ACFF0980055}.Debug|Any CPU.ActiveCfg = Debug|Any CPU
		{35820137-164B-4B1F-AFBB-7ACFF0980055}.Debug|Any CPU.Build.0 = Debug|Any CPU
		{35820137-164B-4B1F-AFBB-7ACFF0980055}.Release|Any CPU.ActiveCfg = Release|Any CPU
		{35820137-164B-4B1F-AFBB-7ACFF0980055}.Release|Any CPU.Build.0 = Release|Any CPU
	EndGlobalSection
	GlobalSection(SolutionProperties) = preSolution
		HideSolutionNode = FALSE
	EndGlobalSection
	GlobalSection(ExtensibilityGlobals) = postSolution
		SolutionGuid = {06ECD597-09B0-46CC-89F3-01AC71160EAC}
	EndGlobalSection
EndGlobal
